
Microsoft Visual Studio Solution File, Format Version 12.00
# Visual Studio Version 17
VisualStudioVersion = 17.9.34723.18
MinimumVisualStudioVersion = 10.0.40219.1
Project("{8BC9CEB8-8B4A-11D0-8D11-00A0C91BC942}") = "lesson-5.6", "lesson-5.6.vcxproj", "{51F071E4-7613-435D-81D4-2748E0116CBE}"
EndProject
Global
	GlobalSection(SolutionConfigurationPlatforms) = preSolution
		Debug|x64 = Debug|x64
		Debug|x86 = Debug|x86
		Release|x64 = Release|x64
		Release|x86 = Release|x86
	EndGlobalSection
	GlobalSection(ProjectConfigurationPlatforms) = postSolution
		{51F071E4-7613-435D-81D4-2748E0116CBE}.Debug|x64.ActiveCfg = Debug|x64
		{51F071E4-7613-435D-81D4-2748E0116CBE}.Debug|x64.Build.0 = Debug|x64
		{51F071E4-7613-435D-81D4-2748E0116CBE}.Debug|x86.ActiveCfg = Debug|Win32
		{51F071E4-7613-435D-81D4-2748E0116CBE}.Debug|x86.Build.0 = Debug|Win32
		{51F071E4-7613-435D-81D4-2748E0116CBE}.Release|x64.ActiveCfg = Release|x64
		{51F071E4-7613-435D-81D4-2748E0116CBE}.Release|x64.Build.0 = Release|x64
		{51F071E4-7613-435D-81D4-2748E0116CBE}.Release|x86.ActiveCfg = Release|Win32
		{51F071E4-7613-435D-81D4-2748E0116CBE}.Release|x86.Build.0 = Release|Win32
	EndGlobalSection
	GlobalSection(SolutionProperties) = preSolution
		HideSolutionNode = FALSE
	EndGlobalSection
	GlobalSection(ExtensibilityGlobals) = postSolution
		SolutionGuid = {3B8E53CA-B517-4AB0-BF87-87BF8751C47B}
	EndGlobalSection
EndGlobal
